
Microsoft Visual Studio Solution File, Format Version 12.00
# Visual Studio 15
VisualStudioVersion = 15.0.27703.2035
MinimumVisualStudioVersion = 10.0.40219.1
Project("{FAE04EC0-301F-11D3-BF4B-00C04F79EFBC}") = "FizzBuzzTree", "FizzBuzzTree\FizzBuzzTree.csproj", "{7FEFF744-450C-4F5F-A911-A98F5BD8E09F}"
EndProject
Project("{FAE04EC0-301F-11D3-BF4B-00C04F79EFBC}") = "FizzBuzzTreeUnitTests", "FizzBuzzTreeUnitTests\FizzBuzzTreeUnitTests.csproj", "{40832253-C009-4AE1-9029-2A50100D9341}"
EndProject
Global
	GlobalSection(SolutionConfigurationPlatforms) = preSolution
		Debug|Any CPU = Debug|Any CPU
		Release|Any CPU = Release|Any CPU
	EndGlobalSection
	GlobalSection(ProjectConfigurationPlatforms) = postSolution
		{7FEFF744-450C-4F5F-A911-A98F5BD8E09F}.Debug|Any CPU.ActiveCfg = Debug|Any CPU
		{7FEFF744-450C-4F5F-A911-A98F5BD8E09F}.Debug|Any CPU.Build.0 = Debug|Any CPU
		{7FEFF744-450C-4F5F-A911-A98F5BD8E09F}.Release|Any CPU.ActiveCfg = Release|Any CPU
		{7FEFF744-450C-4F5F-A911-A98F5BD8E09F}.Release|Any CPU.Build.0 = Release|Any CPU
		{40832253-C009-4AE1-9029-2A50100D9341}.Debug|Any CPU.ActiveCfg = Debug|Any CPU
		{40832253-C009-4AE1-9029-2A50100D9341}.Debug|Any CPU.Build.0 = Debug|Any CPU
		{40832253-C009-4AE1-9029-2A50100D9341}.Release|Any CPU.ActiveCfg = Release|Any CPU
		{40832253-C009-4AE1-9029-2A50100D9341}.Release|Any CPU.Build.0 = Release|Any CPU
	EndGlobalSection
	GlobalSection(SolutionProperties) = preSolution
		HideSolutionNode = FALSE
	EndGlobalSection
	GlobalSection(ExtensibilityGlobals) = postSolution
		SolutionGuid = {C39976B1-6979-4DD9-9BFF-3FC692B2EE72}
	EndGlobalSection
EndGlobal
