
Microsoft Visual Studio Solution File, Format Version 12.00
# Visual Studio 15
VisualStudioVersion = 15.0.27703.2026
MinimumVisualStudioVersion = 10.0.40219.1
Project("{FAE04EC0-301F-11D3-BF4B-00C04F79EFBC}") = "LinkedLists", "LinkedLists\LinkedLists.csproj", "{A9F3971D-34F3-4BF3-A959-52C990154D81}"
EndProject
Project("{FAE04EC0-301F-11D3-BF4B-00C04F79EFBC}") = "LinkedListUnitTest", "LinkedListUnitTest\LinkedListUnitTest.csproj", "{7BF08F2D-646D-4D2B-B066-BE0DFE239D01}"
EndProject
Global
	GlobalSection(SolutionConfigurationPlatforms) = preSolution
		Debug|Any CPU = Debug|Any CPU
		Release|Any CPU = Release|Any CPU
	EndGlobalSection
	GlobalSection(ProjectConfigurationPlatforms) = postSolution
		{A9F3971D-34F3-4BF3-A959-52C990154D81}.Debug|Any CPU.ActiveCfg = Debug|Any CPU
		{A9F3971D-34F3-4BF3-A959-52C990154D81}.Debug|Any CPU.Build.0 = Debug|Any CPU
		{A9F3971D-34F3-4BF3-A959-52C990154D81}.Release|Any CPU.ActiveCfg = Release|Any CPU
		{A9F3971D-34F3-4BF3-A959-52C990154D81}.Release|Any CPU.Build.0 = Release|Any CPU
		{7BF08F2D-646D-4D2B-B066-BE0DFE239D01}.Debug|Any CPU.ActiveCfg = Debug|Any CPU
		{7BF08F2D-646D-4D2B-B066-BE0DFE239D01}.Debug|Any CPU.Build.0 = Debug|Any CPU
		{7BF08F2D-646D-4D2B-B066-BE0DFE239D01}.Release|Any CPU.ActiveCfg = Release|Any CPU
		{7BF08F2D-646D-4D2B-B066-BE0DFE239D01}.Release|Any CPU.Build.0 = Release|Any CPU
	EndGlobalSection
	GlobalSection(SolutionProperties) = preSolution
		HideSolutionNode = FALSE
	EndGlobalSection
	GlobalSection(ExtensibilityGlobals) = postSolution
		SolutionGuid = {90FD48FB-DF9A-4A6E-A4FB-645B29C72557}
	EndGlobalSection
EndGlobal
