
Microsoft Visual Studio Solution File, Format Version 12.00
# Visual Studio 15
VisualStudioVersion = 15.0.27703.2026
MinimumVisualStudioVersion = 10.0.40219.1
Project("{FAE04EC0-301F-11D3-BF4B-00C04F79EFBC}") = "KthElement", "KthElement\KthElement.csproj", "{DDFF4D01-4AC9-4645-A2EF-6932BAFE9F31}"
EndProject
Project("{FAE04EC0-301F-11D3-BF4B-00C04F79EFBC}") = "KthElementUnitTests", "KthElementUnitTests\KthElementUnitTests.csproj", "{81269840-A379-48AE-B56B-CD01937AD15F}"
EndProject
Global
	GlobalSection(SolutionConfigurationPlatforms) = preSolution
		Debug|Any CPU = Debug|Any CPU
		Release|Any CPU = Release|Any CPU
	EndGlobalSection
	GlobalSection(ProjectConfigurationPlatforms) = postSolution
		{DDFF4D01-4AC9-4645-A2EF-6932BAFE9F31}.Debug|Any CPU.ActiveCfg = Debug|Any CPU
		{DDFF4D01-4AC9-4645-A2EF-6932BAFE9F31}.Debug|Any CPU.Build.0 = Debug|Any CPU
		{DDFF4D01-4AC9-4645-A2EF-6932BAFE9F31}.Release|Any CPU.ActiveCfg = Release|Any CPU
		{DDFF4D01-4AC9-4645-A2EF-6932BAFE9F31}.Release|Any CPU.Build.0 = Release|Any CPU
		{81269840-A379-48AE-B56B-CD01937AD15F}.Debug|Any CPU.ActiveCfg = Debug|Any CPU
		{81269840-A379-48AE-B56B-CD01937AD15F}.Debug|Any CPU.Build.0 = Debug|Any CPU
		{81269840-A379-48AE-B56B-CD01937AD15F}.Release|Any CPU.ActiveCfg = Release|Any CPU
		{81269840-A379-48AE-B56B-CD01937AD15F}.Release|Any CPU.Build.0 = Release|Any CPU
	EndGlobalSection
	GlobalSection(SolutionProperties) = preSolution
		HideSolutionNode = FALSE
	EndGlobalSection
	GlobalSection(ExtensibilityGlobals) = postSolution
		SolutionGuid = {2964C6AB-FC4A-4076-AFAA-6A34C82D25D7}
	EndGlobalSection
EndGlobal
