
Microsoft Visual Studio Solution File, Format Version 12.00
# Visual Studio 15
VisualStudioVersion = 15.0.27703.2042
MinimumVisualStudioVersion = 10.0.40219.1
Project("{FAE04EC0-301F-11D3-BF4B-00C04F79EFBC}") = "RepeatedWord", "RepeatedWord\RepeatedWord.csproj", "{EBAC8C17-CC4A-4601-B45E-EC37A8C065F9}"
EndProject
Project("{FAE04EC0-301F-11D3-BF4B-00C04F79EFBC}") = "RepeatedWordUnitTest", "RepeatedWordUnitTest\RepeatedWordUnitTest.csproj", "{D481C1DF-FE79-41E1-BB5A-1D93097D208C}"
EndProject
Global
	GlobalSection(SolutionConfigurationPlatforms) = preSolution
		Debug|Any CPU = Debug|Any CPU
		Release|Any CPU = Release|Any CPU
	EndGlobalSection
	GlobalSection(ProjectConfigurationPlatforms) = postSolution
		{EBAC8C17-CC4A-4601-B45E-EC37A8C065F9}.Debug|Any CPU.ActiveCfg = Debug|Any CPU
		{EBAC8C17-CC4A-4601-B45E-EC37A8C065F9}.Debug|Any CPU.Build.0 = Debug|Any CPU
		{EBAC8C17-CC4A-4601-B45E-EC37A8C065F9}.Release|Any CPU.ActiveCfg = Release|Any CPU
		{EBAC8C17-CC4A-4601-B45E-EC37A8C065F9}.Release|Any CPU.Build.0 = Release|Any CPU
		{D481C1DF-FE79-41E1-BB5A-1D93097D208C}.Debug|Any CPU.ActiveCfg = Debug|Any CPU
		{D481C1DF-FE79-41E1-BB5A-1D93097D208C}.Debug|Any CPU.Build.0 = Debug|Any CPU
		{D481C1DF-FE79-41E1-BB5A-1D93097D208C}.Release|Any CPU.ActiveCfg = Release|Any CPU
		{D481C1DF-FE79-41E1-BB5A-1D93097D208C}.Release|Any CPU.Build.0 = Release|Any CPU
	EndGlobalSection
	GlobalSection(SolutionProperties) = preSolution
		HideSolutionNode = FALSE
	EndGlobalSection
	GlobalSection(ExtensibilityGlobals) = postSolution
		SolutionGuid = {01AAC123-5D3C-4FA5-BFE7-E97C3F5CD1F6}
	EndGlobalSection
EndGlobal
