
Microsoft Visual Studio Solution File, Format Version 12.00
# Visual Studio 15
VisualStudioVersion = 15.0.27703.2042
MinimumVisualStudioVersion = 10.0.40219.1
Project("{FAE04EC0-301F-11D3-BF4B-00C04F79EFBC}") = "HashTables", "HashTables\HashTables.csproj", "{EA334C5D-422E-456F-A035-276F25A77AF9}"
EndProject
Project("{FAE04EC0-301F-11D3-BF4B-00C04F79EFBC}") = "HashTablesUnitTest", "HashTablesUnitTest\HashTablesUnitTest.csproj", "{3D83A931-5A80-4ACD-B6D2-038D42807DD9}"
EndProject
Global
	GlobalSection(SolutionConfigurationPlatforms) = preSolution
		Debug|Any CPU = Debug|Any CPU
		Release|Any CPU = Release|Any CPU
	EndGlobalSection
	GlobalSection(ProjectConfigurationPlatforms) = postSolution
		{EA334C5D-422E-456F-A035-276F25A77AF9}.Debug|Any CPU.ActiveCfg = Debug|Any CPU
		{EA334C5D-422E-456F-A035-276F25A77AF9}.Debug|Any CPU.Build.0 = Debug|Any CPU
		{EA334C5D-422E-456F-A035-276F25A77AF9}.Release|Any CPU.ActiveCfg = Release|Any CPU
		{EA334C5D-422E-456F-A035-276F25A77AF9}.Release|Any CPU.Build.0 = Release|Any CPU
		{3D83A931-5A80-4ACD-B6D2-038D42807DD9}.Debug|Any CPU.ActiveCfg = Debug|Any CPU
		{3D83A931-5A80-4ACD-B6D2-038D42807DD9}.Debug|Any CPU.Build.0 = Debug|Any CPU
		{3D83A931-5A80-4ACD-B6D2-038D42807DD9}.Release|Any CPU.ActiveCfg = Release|Any CPU
		{3D83A931-5A80-4ACD-B6D2-038D42807DD9}.Release|Any CPU.Build.0 = Release|Any CPU
	EndGlobalSection
	GlobalSection(SolutionProperties) = preSolution
		HideSolutionNode = FALSE
	EndGlobalSection
	GlobalSection(ExtensibilityGlobals) = postSolution
		SolutionGuid = {C88553CC-5ACC-44CE-9D40-FC52AE3DA28D}
	EndGlobalSection
EndGlobal
