
Microsoft Visual Studio Solution File, Format Version 12.00
# Visual Studio 15
VisualStudioVersion = 15.0.27703.2035
MinimumVisualStudioVersion = 10.0.40219.1
Project("{FAE04EC0-301F-11D3-BF4B-00C04F79EFBC}") = "Graphs", "Graphs\Graphs.csproj", "{FAC92409-31F0-4A9B-B777-EE940E99A977}"
EndProject
Project("{FAE04EC0-301F-11D3-BF4B-00C04F79EFBC}") = "GraphsUnitTests", "GraphsUnitTests\GraphsUnitTests.csproj", "{910D6DAE-BF1B-4219-83AF-58F1581BAFCF}"
EndProject
Global
	GlobalSection(SolutionConfigurationPlatforms) = preSolution
		Debug|Any CPU = Debug|Any CPU
		Release|Any CPU = Release|Any CPU
	EndGlobalSection
	GlobalSection(ProjectConfigurationPlatforms) = postSolution
		{FAC92409-31F0-4A9B-B777-EE940E99A977}.Debug|Any CPU.ActiveCfg = Debug|Any CPU
		{FAC92409-31F0-4A9B-B777-EE940E99A977}.Debug|Any CPU.Build.0 = Debug|Any CPU
		{FAC92409-31F0-4A9B-B777-EE940E99A977}.Release|Any CPU.ActiveCfg = Release|Any CPU
		{FAC92409-31F0-4A9B-B777-EE940E99A977}.Release|Any CPU.Build.0 = Release|Any CPU
		{910D6DAE-BF1B-4219-83AF-58F1581BAFCF}.Debug|Any CPU.ActiveCfg = Debug|Any CPU
		{910D6DAE-BF1B-4219-83AF-58F1581BAFCF}.Debug|Any CPU.Build.0 = Debug|Any CPU
		{910D6DAE-BF1B-4219-83AF-58F1581BAFCF}.Release|Any CPU.ActiveCfg = Release|Any CPU
		{910D6DAE-BF1B-4219-83AF-58F1581BAFCF}.Release|Any CPU.Build.0 = Release|Any CPU
	EndGlobalSection
	GlobalSection(SolutionProperties) = preSolution
		HideSolutionNode = FALSE
	EndGlobalSection
	GlobalSection(ExtensibilityGlobals) = postSolution
		SolutionGuid = {A991BDAD-8184-4C30-B99B-90F9EE21D318}
	EndGlobalSection
EndGlobal
