
Microsoft Visual Studio Solution File, Format Version 12.00
# Visual Studio 15
VisualStudioVersion = 15.0.27703.2035
MinimumVisualStudioVersion = 10.0.40219.1
Project("{FAE04EC0-301F-11D3-BF4B-00C04F79EFBC}") = "MultiBracketValidation", "MultiBracketValidation\MultiBracketValidation.csproj", "{BBA39F9C-FEF1-48FA-9EA8-01CF94143AF6}"
EndProject
Project("{FAE04EC0-301F-11D3-BF4B-00C04F79EFBC}") = "MultiBracketValidationUnitTests", "MultiBracketValidationUnitTests\MultiBracketValidationUnitTests.csproj", "{4FA2F438-8239-47C4-8B83-0FB14462C7E5}"
EndProject
Global
	GlobalSection(SolutionConfigurationPlatforms) = preSolution
		Debug|Any CPU = Debug|Any CPU
		Release|Any CPU = Release|Any CPU
	EndGlobalSection
	GlobalSection(ProjectConfigurationPlatforms) = postSolution
		{BBA39F9C-FEF1-48FA-9EA8-01CF94143AF6}.Debug|Any CPU.ActiveCfg = Debug|Any CPU
		{BBA39F9C-FEF1-48FA-9EA8-01CF94143AF6}.Debug|Any CPU.Build.0 = Debug|Any CPU
		{BBA39F9C-FEF1-48FA-9EA8-01CF94143AF6}.Release|Any CPU.ActiveCfg = Release|Any CPU
		{BBA39F9C-FEF1-48FA-9EA8-01CF94143AF6}.Release|Any CPU.Build.0 = Release|Any CPU
		{4FA2F438-8239-47C4-8B83-0FB14462C7E5}.Debug|Any CPU.ActiveCfg = Debug|Any CPU
		{4FA2F438-8239-47C4-8B83-0FB14462C7E5}.Debug|Any CPU.Build.0 = Debug|Any CPU
		{4FA2F438-8239-47C4-8B83-0FB14462C7E5}.Release|Any CPU.ActiveCfg = Release|Any CPU
		{4FA2F438-8239-47C4-8B83-0FB14462C7E5}.Release|Any CPU.Build.0 = Release|Any CPU
	EndGlobalSection
	GlobalSection(SolutionProperties) = preSolution
		HideSolutionNode = FALSE
	EndGlobalSection
	GlobalSection(ExtensibilityGlobals) = postSolution
		SolutionGuid = {03D87F3F-460F-4AF4-9882-75E108B08104}
	EndGlobalSection
EndGlobal
