
Microsoft Visual Studio Solution File, Format Version 12.00
# Visual Studio 15
VisualStudioVersion = 15.0.27703.2042
MinimumVisualStudioVersion = 10.0.40219.1
Project("{FAE04EC0-301F-11D3-BF4B-00C04F79EFBC}") = "LeftJoin", "LeftJoin\LeftJoin.csproj", "{894B3EC1-B522-473B-A6E7-1367520A54CB}"
EndProject
Project("{FAE04EC0-301F-11D3-BF4B-00C04F79EFBC}") = "LeftJoinUnitTests", "LeftJoinUnitTests\LeftJoinUnitTests.csproj", "{AEC57639-F021-4C27-822D-FF4C2E4E34FF}"
EndProject
Global
	GlobalSection(SolutionConfigurationPlatforms) = preSolution
		Debug|Any CPU = Debug|Any CPU
		Release|Any CPU = Release|Any CPU
	EndGlobalSection
	GlobalSection(ProjectConfigurationPlatforms) = postSolution
		{894B3EC1-B522-473B-A6E7-1367520A54CB}.Debug|Any CPU.ActiveCfg = Debug|Any CPU
		{894B3EC1-B522-473B-A6E7-1367520A54CB}.Debug|Any CPU.Build.0 = Debug|Any CPU
		{894B3EC1-B522-473B-A6E7-1367520A54CB}.Release|Any CPU.ActiveCfg = Release|Any CPU
		{894B3EC1-B522-473B-A6E7-1367520A54CB}.Release|Any CPU.Build.0 = Release|Any CPU
		{AEC57639-F021-4C27-822D-FF4C2E4E34FF}.Debug|Any CPU.ActiveCfg = Debug|Any CPU
		{AEC57639-F021-4C27-822D-FF4C2E4E34FF}.Debug|Any CPU.Build.0 = Debug|Any CPU
		{AEC57639-F021-4C27-822D-FF4C2E4E34FF}.Release|Any CPU.ActiveCfg = Release|Any CPU
		{AEC57639-F021-4C27-822D-FF4C2E4E34FF}.Release|Any CPU.Build.0 = Release|Any CPU
	EndGlobalSection
	GlobalSection(SolutionProperties) = preSolution
		HideSolutionNode = FALSE
	EndGlobalSection
	GlobalSection(ExtensibilityGlobals) = postSolution
		SolutionGuid = {9BC1F665-F3AB-4942-991F-ED0DD70E7A5A}
	EndGlobalSection
EndGlobal
